// !$*UTF8*$!
{
	archiveVersion = 1;
	classes = {
	};
	objectVersion = 46;
	objects = {

/* Begin PBXBuildFile section */
		6F245B601928926800CCD79B /* Foundation.framework in Frameworks */ = {isa = PBXBuildFile; fileRef = 6F245B5F1928926800CCD79B /* Foundation.framework */; };
		6F245B621928926800CCD79B /* CoreGraphics.framework in Frameworks */ = {isa = PBXBuildFile; fileRef = 6F245B611928926800CCD79B /* CoreGraphics.framework */; };
		6F245B641928926800CCD79B /* UIKit.framework in Frameworks */ = {isa = PBXBuildFile; fileRef = 6F245B631928926800CCD79B /* UIKit.framework */; };
		6F245B6A1928926800CCD79B /* InfoPlist.strings in Resources */ = {isa = PBXBuildFile; fileRef = 6F245B681928926800CCD79B /* InfoPlist.strings */; };
		6F245B6C1928926800CCD79B /* main.m in Sources */ = {isa = PBXBuildFile; fileRef = 6F245B6B1928926800CCD79B /* main.m */; };
		6F245B701928926800CCD79B /* AppDelegate.m in Sources */ = {isa = PBXBuildFile; fileRef = 6F245B6F1928926800CCD79B /* AppDelegate.m */; };
		6F245B721928926800CCD79B /* Images.xcassets in Resources */ = {isa = PBXBuildFile; fileRef = 6F245B711928926800CCD79B /* Images.xcassets */; };
		6F245B791928926800CCD79B /* XCTest.framework in Frameworks */ = {isa = PBXBuildFile; fileRef = 6F245B781928926800CCD79B /* XCTest.framework */; };
		6F245B7A1928926800CCD79B /* Foundation.framework in Frameworks */ = {isa = PBXBuildFile; fileRef = 6F245B5F1928926800CCD79B /* Foundation.framework */; };
		6F245B7B1928926800CCD79B /* UIKit.framework in Frameworks */ = {isa = PBXBuildFile; fileRef = 6F245B631928926800CCD79B /* UIKit.framework */; };
		6F245B831928926800CCD79B /* InfoPlist.strings in Resources */ = {isa = PBXBuildFile; fileRef = 6F245B811928926800CCD79B /* InfoPlist.strings */; };
		6F245B851928926800CCD79B /* URLScheme_SampleTests.m in Sources */ = {isa = PBXBuildFile; fileRef = 6F245B841928926800CCD79B /* URLScheme_SampleTests.m */; };
		6F245B911928928500CCD79B /* MainViewController.m in Sources */ = {isa = PBXBuildFile; fileRef = 6F245B8F1928928500CCD79B /* MainViewController.m */; };
		6F245B921928928500CCD79B /* MainViewController.xib in Resources */ = {isa = PBXBuildFile; fileRef = 6F245B901928928500CCD79B /* MainViewController.xib */; };
		6F245B941928A5CE00CCD79B /* MessageUI.framework in Frameworks */ = {isa = PBXBuildFile; fileRef = 6F245B931928A5CE00CCD79B /* MessageUI.framework */; };
/* End PBXBuildFile section */

/* Begin PBXContainerItemProxy section */
		6F245B7C1928926800CCD79B /* PBXContainerItemProxy */ = {
			isa = PBXContainerItemProxy;
			containerPortal = 6F245B541928926800CCD79B /* Project object */;
			proxyType = 1;
			remoteGlobalIDString = 6F245B5B1928926800CCD79B;
			remoteInfo = URLScheme_Sample;
		};
/* End PBXContainerItemProxy section */

/* Begin PBXFileReference section */
		6F245B5C1928926800CCD79B /* URLScheme_Sample.app */ = {isa = PBXFileReference; explicitFileType = wrapper.application; includeInIndex = 0; path = URLScheme_Sample.app; sourceTree = BUILT_PRODUCTS_DIR; };
		6F245B5F1928926800CCD79B /* Foundation.framework */ = {isa = PBXFileReference; lastKnownFileType = wrapper.framework; name = Foundation.framework; path = System/Library/Frameworks/Foundation.framework; sourceTree = SDKROOT; };
		6F245B611928926800CCD79B /* CoreGraphics.framework */ = {isa = PBXFileReference; lastKnownFileType = wrapper.framework; name = CoreGraphics.framework; path = System/Library/Frameworks/CoreGraphics.framework; sourceTree = SDKROOT; };
		6F245B631928926800CCD79B /* UIKit.framework */ = {isa = PBXFileReference; lastKnownFileType = wrapper.framework; name = UIKit.framework; path = System/Library/Frameworks/UIKit.framework; sourceTree = SDKROOT; };
		6F245B671928926800CCD79B /* URLScheme_Sample-Info.plist */ = {isa = PBXFileReference; lastKnownFileType = text.plist.xml; path = "URLScheme_Sample-Info.plist"; sourceTree = "<group>"; };
		6F245B691928926800CCD79B /* en */ = {isa = PBXFileReference; lastKnownFileType = text.plist.strings; name = en; path = en.lproj/InfoPlist.strings; sourceTree = "<group>"; };
		6F245B6B1928926800CCD79B /* main.m */ = {isa = PBXFileReference; lastKnownFileType = sourcecode.c.objc; path = main.m; sourceTree = "<group>"; };
		6F245B6D1928926800CCD79B /* URLScheme_Sample-Prefix.pch */ = {isa = PBXFileReference; lastKnownFileType = sourcecode.c.h; path = "URLScheme_Sample-Prefix.pch"; sourceTree = "<group>"; };
		6F245B6E1928926800CCD79B /* AppDelegate.h */ = {isa = PBXFileReference; lastKnownFileType = sourcecode.c.h; path = AppDelegate.h; sourceTree = "<group>"; };
		6F245B6F1928926800CCD79B /* AppDelegate.m */ = {isa = PBXFileReference; lastKnownFileType = sourcecode.c.objc; path = AppDelegate.m; sourceTree = "<group>"; };
		6F245B711928926800CCD79B /* Images.xcassets */ = {isa = PBXFileReference; lastKnownFileType = folder.assetcatalog; path = Images.xcassets; sourceTree = "<group>"; };
		6F245B771928926800CCD79B /* URLScheme_SampleTests.xctest */ = {isa = PBXFileReference; explicitFileType = wrapper.cfbundle; includeInIndex = 0; path = URLScheme_SampleTests.xctest; sourceTree = BUILT_PRODUCTS_DIR; };
		6F245B781928926800CCD79B /* XCTest.framework */ = {isa = PBXFileReference; lastKnownFileType = wrapper.framework; name = XCTest.framework; path = Library/Frameworks/XCTest.framework; sourceTree = DEVELOPER_DIR; };
		6F245B801928926800CCD79B /* URLScheme_SampleTests-Info.plist */ = {isa = PBXFileReference; lastKnownFileType = text.plist.xml; path = "URLScheme_SampleTests-Info.plist"; sourceTree = "<group>"; };
		6F245B821928926800CCD79B /* en */ = {isa = PBXFileReference; lastKnownFileType = text.plist.strings; name = en; path = en.lproj/InfoPlist.strings; sourceTree = "<group>"; };
		6F245B841928926800CCD79B /* URLScheme_SampleTests.m */ = {isa = PBXFileReference; lastKnownFileType = sourcecode.c.objc; path = URLScheme_SampleTests.m; sourceTree = "<group>"; };
		6F245B8E1928928500CCD79B /* MainViewController.h */ = {isa = PBXFileReference; fileEncoding = 4; lastKnownFileType = sourcecode.c.h; path = MainViewController.h; sourceTree = "<group>"; };
		6F245B8F1928928500CCD79B /* MainViewController.m */ = {isa = PBXFileReference; fileEncoding = 4; lastKnownFileType = sourcecode.c.objc; path = MainViewController.m; sourceTree = "<group>"; };
		6F245B901928928500CCD79B /* MainViewController.xib */ = {isa = PBXFileReference; fileEncoding = 4; lastKnownFileType = file.xib; path = MainViewController.xib; sourceTree = "<group>"; };
		6F245B931928A5CE00CCD79B /* MessageUI.framework */ = {isa = PBXFileReference; lastKnownFileType = wrapper.framework; name = MessageUI.framework; path = System/Library/Frameworks/MessageUI.framework; sourceTree = SDKROOT; };
/* End PBXFileReference section */

/* Begin PBXFrameworksBuildPhase section */
		6F245B591928926800CCD79B /* Frameworks */ = {
			isa = PBXFrameworksBuildPhase;
			buildActionMask = 2147483647;
			files = (
				6F245B941928A5CE00CCD79B /* MessageUI.framework in Frameworks */,
				6F245B621928926800CCD79B /* CoreGraphics.framework in Frameworks */,
				6F245B641928926800CCD79B /* UIKit.framework in Frameworks */,
				6F245B601928926800CCD79B /* Foundation.framework in Frameworks */,
			);
			runOnlyForDeploymentPostprocessing = 0;
		};
		6F245B741928926800CCD79B /* Frameworks */ = {
			isa = PBXFrameworksBuildPhase;
			buildActionMask = 2147483647;
			files = (
				6F245B791928926800CCD79B /* XCTest.framework in Frameworks */,
				6F245B7B1928926800CCD79B /* UIKit.framework in Frameworks */,
				6F245B7A1928926800CCD79B /* Foundation.framework in Frameworks */,
			);
			runOnlyForDeploymentPostprocessing = 0;
		};
/* End PBXFrameworksBuildPhase section */

/* Begin PBXGroup section */
		6F245B531928926800CCD79B = {
			isa = PBXGroup;
			children = (
				6F245B651928926800CCD79B /* URLScheme_Sample */,
				6F245B7E1928926800CCD79B /* URLScheme_SampleTests */,
				6F245B5E1928926800CCD79B /* Frameworks */,
				6F245B5D1928926800CCD79B /* Products */,
			);
			sourceTree = "<group>";
		};
		6F245B5D1928926800CCD79B /* Products */ = {
			isa = PBXGroup;
			children = (
				6F245B5C1928926800CCD79B /* URLScheme_Sample.app */,
				6F245B771928926800CCD79B /* URLScheme_SampleTests.xctest */,
			);
			name = Products;
			sourceTree = "<group>";
		};
		6F245B5E1928926800CCD79B /* Frameworks */ = {
			isa = PBXGroup;
			children = (
				6F245B931928A5CE00CCD79B /* MessageUI.framework */,
				6F245B5F1928926800CCD79B /* Foundation.framework */,
				6F245B611928926800CCD79B /* CoreGraphics.framework */,
				6F245B631928926800CCD79B /* UIKit.framework */,
				6F245B781928926800CCD79B /* XCTest.framework */,
			);
			name = Frameworks;
			sourceTree = "<group>";
		};
		6F245B651928926800CCD79B /* URLScheme_Sample */ = {
			isa = PBXGroup;
			children = (
				6F245B6E1928926800CCD79B /* AppDelegate.h */,
				6F245B6F1928926800CCD79B /* AppDelegate.m */,
				6F245B8E1928928500CCD79B /* MainViewController.h */,
				6F245B8F1928928500CCD79B /* MainViewController.m */,
				6F245B901928928500CCD79B /* MainViewController.xib */,
				6F245B711928926800CCD79B /* Images.xcassets */,
				6F245B661928926800CCD79B /* Supporting Files */,
			);
			path = URLScheme_Sample;
			sourceTree = "<group>";
		};
		6F245B661928926800CCD79B /* Supporting Files */ = {
			isa = PBXGroup;
			children = (
				6F245B671928926800CCD79B /* URLScheme_Sample-Info.plist */,
				6F245B681928926800CCD79B /* InfoPlist.strings */,
				6F245B6B1928926800CCD79B /* main.m */,
				6F245B6D1928926800CCD79B /* URLScheme_Sample-Prefix.pch */,
			);
			name = "Supporting Files";
			sourceTree = "<group>";
		};
		6F245B7E1928926800CCD79B /* URLScheme_SampleTests */ = {
			isa = PBXGroup;
			children = (
				6F245B841928926800CCD79B /* URLScheme_SampleTests.m */,
				6F245B7F1928926800CCD79B /* Supporting Files */,
			);
			path = URLScheme_SampleTests;
			sourceTree = "<group>";
		};
		6F245B7F1928926800CCD79B /* Supporting Files */ = {
			isa = PBXGroup;
			children = (
				6F245B801928926800CCD79B /* URLScheme_SampleTests-Info.plist */,
				6F245B811928926800CCD79B /* InfoPlist.strings */,
			);
			name = "Supporting Files";
			sourceTree = "<group>";
		};
/* End PBXGroup section */

/* Begin PBXNativeTarget section */
		6F245B5B1928926800CCD79B /* URLScheme_Sample */ = {
			isa = PBXNativeTarget;
			buildConfigurationList = 6F245B881928926800CCD79B /* Build configuration list for PBXNativeTarget "URLScheme_Sample" */;
			buildPhases = (
				6F245B581928926800CCD79B /* Sources */,
				6F245B591928926800CCD79B /* Frameworks */,
				6F245B5A1928926800CCD79B /* Resources */,
			);
			buildRules = (
			);
			dependencies = (
			);
			name = URLScheme_Sample;
			productName = URLScheme_Sample;
			productReference = 6F245B5C1928926800CCD79B /* URLScheme_Sample.app */;
			productType = "com.apple.product-type.application";
		};
		6F245B761928926800CCD79B /* URLScheme_SampleTests */ = {
			isa = PBXNativeTarget;
			buildConfigurationList = 6F245B8B1928926800CCD79B /* Build configuration list for PBXNativeTarget "URLScheme_SampleTests" */;
			buildPhases = (
				6F245B731928926800CCD79B /* Sources */,
				6F245B741928926800CCD79B /* Frameworks */,
				6F245B751928926800CCD79B /* Resources */,
			);
			buildRules = (
			);
			dependencies = (
				6F245B7D1928926800CCD79B /* PBXTargetDependency */,
			);
			name = URLScheme_SampleTests;
			productName = URLScheme_SampleTests;
			productReference = 6F245B771928926800CCD79B /* URLScheme_SampleTests.xctest */;
			productType = "com.apple.product-type.bundle.unit-test";
		};
/* End PBXNativeTarget section */

/* Begin PBXProject section */
		6F245B541928926800CCD79B /* Project object */ = {
			isa = PBXProject;
			attributes = {
				LastUpgradeCheck = 0510;
				ORGANIZATIONNAME = Harris;
				TargetAttributes = {
					6F245B761928926800CCD79B = {
						TestTargetID = 6F245B5B1928926800CCD79B;
					};
				};
			};
			buildConfigurationList = 6F245B571928926800CCD79B /* Build configuration list for PBXProject "URLScheme_Sample" */;
			compatibilityVersion = "Xcode 3.2";
			developmentRegion = English;
			hasScannedForEncodings = 0;
			knownRegions = (
				en,
			);
			mainGroup = 6F245B531928926800CCD79B;
			productRefGroup = 6F245B5D1928926800CCD79B /* Products */;
			projectDirPath = "";
			projectRoot = "";
			targets = (
				6F245B5B1928926800CCD79B /* URLScheme_Sample */,
				6F245B761928926800CCD79B /* URLScheme_SampleTests */,
			);
		};
/* End PBXProject section */

/* Begin PBXResourcesBuildPhase section */
		6F245B5A1928926800CCD79B /* Resources */ = {
			isa = PBXResourcesBuildPhase;
			buildActionMask = 2147483647;
			files = (
				6F245B6A1928926800CCD79B /* InfoPlist.strings in Resources */,
				6F245B921928928500CCD79B /* MainViewController.xib in Resources */,
				6F245B721928926800CCD79B /* Images.xcassets in Resources */,
			);
			runOnlyForDeploymentPostprocessing = 0;
		};
		6F245B751928926800CCD79B /* Resources */ = {
			isa = PBXResourcesBuildPhase;
			buildActionMask = 2147483647;
			files = (
				6F245B831928926800CCD79B /* InfoPlist.strings in Resources */,
			);
			runOnlyForDeploymentPostprocessing = 0;
		};
/* End PBXResourcesBuildPhase section */

/* Begin PBXSourcesBuildPhase section */
		6F245B581928926800CCD79B /* Sources */ = {
			isa = PBXSourcesBuildPhase;
			buildActionMask = 2147483647;
			files = (
				6F245B701928926800CCD79B /* AppDelegate.m in Sources */,
				6F245B911928928500CCD79B /* MainViewController.m in Sources */,
				6F245B6C1928926800CCD79B /* main.m in Sources */,
			);
			runOnlyForDeploymentPostprocessing = 0;
		};
		6F245B731928926800CCD79B /* Sources */ = {
			isa = PBXSourcesBuildPhase;
			buildActionMask = 2147483647;
			files = (
				6F245B851928926800CCD79B /* URLScheme_SampleTests.m in Sources */,
			);
			runOnlyForDeploymentPostprocessing = 0;
		};
/* End PBXSourcesBuildPhase section */

/* Begin PBXTargetDependency section */
		6F245B7D1928926800CCD79B /* PBXTargetDependency */ = {
			isa = PBXTargetDependency;
			target = 6F245B5B1928926800CCD79B /* URLScheme_Sample */;
			targetProxy = 6F245B7C1928926800CCD79B /* PBXContainerItemProxy */;
		};
/* End PBXTargetDependency section */

/* Begin PBXVariantGroup section */
		6F245B681928926800CCD79B /* InfoPlist.strings */ = {
			isa = PBXVariantGroup;
			children = (
				6F245B691928926800CCD79B /* en */,
			);
			name = InfoPlist.strings;
			sourceTree = "<group>";
		};
		6F245B811928926800CCD79B /* InfoPlist.strings */ = {
			isa = PBXVariantGroup;
			children = (
				6F245B821928926800CCD79B /* en */,
			);
			name = InfoPlist.strings;
			sourceTree = "<group>";
		};
/* End PBXVariantGroup section */

/* Begin XCBuildConfiguration section */
		6F245B861928926800CCD79B /* Debug */ = {
			isa = XCBuildConfiguration;
			buildSettings = {
				ALWAYS_SEARCH_USER_PATHS = NO;
				CLANG_CXX_LANGUAGE_STANDARD = "gnu++0x";
				CLANG_CXX_LIBRARY = "libc++";
				CLANG_ENABLE_MODULES = YES;
				CLANG_ENABLE_OBJC_ARC = YES;
				CLANG_WARN_BOOL_CONVERSION = YES;
				CLANG_WARN_CONSTANT_CONVERSION = YES;
				CLANG_WARN_DIRECT_OBJC_ISA_USAGE = YES_ERROR;
				CLANG_WARN_EMPTY_BODY = YES;
				CLANG_WARN_ENUM_CONVERSION = YES;
				CLANG_WARN_INT_CONVERSION = YES;
				CLANG_WARN_OBJC_ROOT_CLASS = YES_ERROR;
				CLANG_WARN__DUPLICATE_METHOD_MATCH = YES;
				"CODE_SIGN_IDENTITY[sdk=iphoneos*]" = "iPhone Developer";
				COPY_PHASE_STRIP = NO;
				GCC_C_LANGUAGE_STANDARD = gnu99;
				GCC_DYNAMIC_NO_PIC = NO;
				GCC_OPTIMIZATION_LEVEL = 0;
				GCC_PREPROCESSOR_DEFINITIONS = (
					"DEBUG=1",
					"$(inherited)",
				);
				GCC_SYMBOLS_PRIVATE_EXTERN = NO;
				GCC_WARN_64_TO_32_BIT_CONVERSION = YES;
				GCC_WARN_ABOUT_RETURN_TYPE = YES_ERROR;
				GCC_WARN_UNDECLARED_SELECTOR = YES;
				GCC_WARN_UNINITIALIZED_AUTOS = YES_AGGRESSIVE;
				GCC_WARN_UNUSED_FUNCTION = YES;
				GCC_WARN_UNUSED_VARIABLE = YES;
				IPHONEOS_DEPLOYMENT_TARGET = 7.1;
				ONLY_ACTIVE_ARCH = YES;
				SDKROOT = iphoneos;
			};
			name = Debug;
		};
		6F245B871928926800CCD79B /* Release */ = {
			isa = XCBuildConfiguration;
			buildSettings = {
				ALWAYS_SEARCH_USER_PATHS = NO;
				CLANG_CXX_LANGUAGE_STANDARD = "gnu++0x";
				CLANG_CXX_LIBRARY = "libc++";
				CLANG_ENABLE_MODULES = YES;
				CLANG_ENABLE_OBJC_ARC = YES;
				CLANG_WARN_BOOL_CONVERSION = YES;
				CLANG_WARN_CONSTANT_CONVERSION = YES;
				CLANG_WARN_DIRECT_OBJC_ISA_USAGE = YES_ERROR;
				CLANG_WARN_EMPTY_BODY = YES;
				CLANG_WARN_ENUM_CONVERSION = YES;
				CLANG_WARN_INT_CONVERSION = YES;
				CLANG_WARN_OBJC_ROOT_CLASS = YES_ERROR;
				CLANG_WARN__DUPLICATE_METHOD_MATCH = YES;
				"CODE_SIGN_IDENTITY[sdk=iphoneos*]" = "iPhone Developer";
				COPY_PHASE_STRIP = YES;
				ENABLE_NS_ASSERTIONS = NO;
				GCC_C_LANGUAGE_STANDARD = gnu99;
				GCC_WARN_64_TO_32_BIT_CONVERSION = YES;
				GCC_WARN_ABOUT_RETURN_TYPE = YES_ERROR;
				GCC_WARN_UNDECLARED_SELECTOR = YES;
				GCC_WARN_UNINITIALIZED_AUTOS = YES_AGGRESSIVE;
				GCC_WARN_UNUSED_FUNCTION = YES;
				GCC_WARN_UNUSED_VARIABLE = YES;
				IPHONEOS_DEPLOYMENT_TARGET = 7.1;
				SDKROOT = iphoneos;
				VALIDATE_PRODUCT = YES;
			};
			name = Release;
		};
		6F245B891928926800CCD79B /* Debug */ = {
			isa = XCBuildConfiguration;
			buildSettings = {
				ASSETCATALOG_COMPILER_APPICON_NAME = AppIcon;
				ASSETCATALOG_COMPILER_LAUNCHIMAGE_NAME = LaunchImage;
				GCC_PRECOMPILE_PREFIX_HEADER = YES;
				GCC_PREFIX_HEADER = "URLScheme_Sample/URLScheme_Sample-Prefix.pch";
				INFOPLIST_FILE = "URLScheme_Sample/URLScheme_Sample-Info.plist";
				PRODUCT_NAME = "$(TARGET_NAME)";
				WRAPPER_EXTENSION = app;
			};
			name = Debug;
		};
		6F245B8A1928926800CCD79B /* Release */ = {
			isa = XCBuildConfiguration;
			buildSettings = {
				ASSETCATALOG_COMPILER_APPICON_NAME = AppIcon;
				ASSETCATALOG_COMPILER_LAUNCHIMAGE_NAME = LaunchImage;
				GCC_PRECOMPILE_PREFIX_HEADER = YES;
				GCC_PREFIX_HEADER = "URLScheme_Sample/URLScheme_Sample-Prefix.pch";
				INFOPLIST_FILE = "URLScheme_Sample/URLScheme_Sample-Info.plist";
				PRODUCT_NAME = "$(TARGET_NAME)";
				WRAPPER_EXTENSION = app;
			};
			name = Release;
		};
		6F245B8C1928926800CCD79B /* Debug */ = {
			isa = XCBuildConfiguration;
			buildSettings = {
				BUNDLE_LOADER = "$(BUILT_PRODUCTS_DIR)/URLScheme_Sample.app/URLScheme_Sample";
				FRAMEWORK_SEARCH_PATHS = (
					"$(SDKROOT)/Developer/Library/Frameworks",
					"$(inherited)",
					"$(DEVELOPER_FRAMEWORKS_DIR)",
				);
				GCC_PRECOMPILE_PREFIX_HEADER = YES;
				GCC_PREFIX_HEADER = "URLScheme_Sample/URLScheme_Sample-Prefix.pch";
				GCC_PREPROCESSOR_DEFINITIONS = (
					"DEBUG=1",
					"$(inherited)",
				);
				INFOPLIST_FILE = "URLScheme_SampleTests/URLScheme_SampleTests-Info.plist";
				PRODUCT_NAME = "$(TARGET_NAME)";
				TEST_HOST = "$(BUNDLE_LOADER)";
				WRAPPER_EXTENSION = xctest;
			};
			name = Debug;
		};
		6F245B8D1928926800CCD79B /* Release */ = {
			isa = XCBuildConfiguration;
			buildSettings = {
				BUNDLE_LOADER = "$(BUILT_PRODUCTS_DIR)/URLScheme_Sample.app/URLScheme_Sample";
				FRAMEWORK_SEARCH_PATHS = (
					"$(SDKROOT)/Developer/Library/Frameworks",
					"$(inherited)",
					"$(DEVELOPER_FRAMEWORKS_DIR)",
				);
				GCC_PRECOMPILE_PREFIX_HEADER = YES;
				GCC_PREFIX_HEADER = "URLScheme_Sample/URLScheme_Sample-Prefix.pch";
				INFOPLIST_FILE = "URLScheme_SampleTests/URLScheme_SampleTests-Info.plist";
				PRODUCT_NAME = "$(TARGET_NAME)";
				TEST_HOST = "$(BUNDLE_LOADER)";
				WRAPPER_EXTENSION = xctest;
			};
			name = Release;
		};
/* End XCBuildConfiguration section */

/* Begin XCConfigurationList section */
		6F245B571928926800CCD79B /* Build configuration list for PBXProject "URLScheme_Sample" */ = {
			isa = XCConfigurationList;
			buildConfigurations = (
				6F245B861928926800CCD79B /* Debug */,
				6F245B871928926800CCD79B /* Release */,
			);
			defaultConfigurationIsVisible = 0;
			defaultConfigurationName = Release;
		};
		6F245B881928926800CCD79B /* Build configuration list for PBXNativeTarget "URLScheme_Sample" */ = {
			isa = XCConfigurationList;
			buildConfigurations = (
				6F245B891928926800CCD79B /* Debug */,
				6F245B8A1928926800CCD79B /* Release */,
			);
			defaultConfigurationIsVisible = 0;
		};
		6F245B8B1928926800CCD79B /* Build configuration list for PBXNativeTarget "URLScheme_SampleTests" */ = {
			isa = XCConfigurationList;
			buildConfigurations = (
				6F245B8C1928926800CCD79B /* Debug */,
				6F245B8D1928926800CCD79B /* Release */,
			);
			defaultConfigurationIsVisible = 0;
		};
/* End XCConfigurationList section */
	};
	rootObject = 6F245B541928926800CCD79B /* Project object */;
}
